
Microsoft Visual Studio Solution File, Format Version 12.00
# Visual Studio 15
VisualStudioVersion = 15.0.28010.2019
MinimumVisualStudioVersion = 10.0.40219.1
Project("{9A19103F-16F7-4668-BE54-9A1E7A4F7556}") = "Hangfire.Atoms", "src\Hangfire.Atoms\Hangfire.Atoms.csproj", "{60C5449C-83E5-48AE-98D8-5E7E34ECEB34}"
EndProject
Project("{9A19103F-16F7-4668-BE54-9A1E7A4F7556}") = "Hangfire.Atoms.Tests.Web", "tests\Hangfire.Atoms.Tests.Web\Hangfire.Atoms.Tests.Web.csproj", "{83EB4E53-F778-410F-AD4D-266C06F6FDB6}"
EndProject
Global
	GlobalSection(SolutionConfigurationPlatforms) = preSolution
		Debug|Any CPU = Debug|Any CPU
		Release|Any CPU = Release|Any CPU
	EndGlobalSection
	GlobalSection(ProjectConfigurationPlatforms) = postSolution
		{60C5449C-83E5-48AE-98D8-5E7E34ECEB34}.Debug|Any CPU.ActiveCfg = Debug|Any CPU
		{60C5449C-83E5-48AE-98D8-5E7E34ECEB34}.Debug|Any CPU.Build.0 = Debug|Any CPU
		{60C5449C-83E5-48AE-98D8-5E7E34ECEB34}.Release|Any CPU.ActiveCfg = Release|Any CPU
		{60C5449C-83E5-48AE-98D8-5E7E34ECEB34}.Release|Any CPU.Build.0 = Release|Any CPU
		{83EB4E53-F778-410F-AD4D-266C06F6FDB6}.Debug|Any CPU.ActiveCfg = Debug|Any CPU
		{83EB4E53-F778-410F-AD4D-266C06F6FDB6}.Debug|Any CPU.Build.0 = Debug|Any CPU
		{83EB4E53-F778-410F-AD4D-266C06F6FDB6}.Release|Any CPU.ActiveCfg = Release|Any CPU
		{83EB4E53-F778-410F-AD4D-266C06F6FDB6}.Release|Any CPU.Build.0 = Release|Any CPU
	EndGlobalSection
	GlobalSection(SolutionProperties) = preSolution
		HideSolutionNode = FALSE
	EndGlobalSection
	GlobalSection(ExtensibilityGlobals) = postSolution
		SolutionGuid = {C46E6044-20E8-4698-8B88-E125B664100B}
	EndGlobalSection
EndGlobal
